
Microsoft Visual Studio Solution File, Format Version 12.00
# Visual Studio 14
VisualStudioVersion = 14.0.25420.1
MinimumVisualStudioVersion = 10.0.40219.1
Project("{FAE04EC0-301F-11D3-BF4B-00C04F79EFBC}") = "PartyReservationFilterModule", "PartyReservationFilterModule\PartyReservationFilterModule.csproj", "{F13A0939-E9C7-481A-BB85-1B45B94FA7EA}"
EndProject
Global
	GlobalSection(SolutionConfigurationPlatforms) = preSolution
		Debug|Any CPU = Debug|Any CPU
		Release|Any CPU = Release|Any CPU
	EndGlobalSection
	GlobalSection(ProjectConfigurationPlatforms) = postSolution
		{F13A0939-E9C7-481A-BB85-1B45B94FA7EA}.Debug|Any CPU.ActiveCfg = Debug|Any CPU
		{F13A0939-E9C7-481A-BB85-1B45B94FA7EA}.Debug|Any CPU.Build.0 = Debug|Any CPU
		{F13A0939-E9C7-481A-BB85-1B45B94FA7EA}.Release|Any CPU.ActiveCfg = Release|Any CPU
		{F13A0939-E9C7-481A-BB85-1B45B94FA7EA}.Release|Any CPU.Build.0 = Release|Any CPU
	EndGlobalSection
	GlobalSection(SolutionProperties) = preSolution
		HideSolutionNode = FALSE
	EndGlobalSection
EndGlobal
